
Microsoft Visual Studio Solution File, Format Version 12.00
# Visual Studio Version 17
VisualStudioVersion = 17.5.002.0
MinimumVisualStudioVersion = 10.0.40219.1
Project("{9A19103F-16F7-4668-BE54-9A1E7A4F7556}") = "WasmBindings", "WasmBindings.csproj", "{F469DC48-1244-4CA3-971D-ECB799ACDFD0}"
EndProject
Global
	GlobalSection(SolutionConfigurationPlatforms) = preSolution
		Debug|Any CPU = Debug|Any CPU
		Release|Any CPU = Release|Any CPU
	EndGlobalSection
	GlobalSection(ProjectConfigurationPlatforms) = postSolution
		{F469DC48-1244-4CA3-971D-ECB799ACDFD0}.Debug|Any CPU.ActiveCfg = Debug|Any CPU
		{F469DC48-1244-4CA3-971D-ECB799ACDFD0}.Debug|Any CPU.Build.0 = Debug|Any CPU
		{F469DC48-1244-4CA3-971D-ECB799ACDFD0}.Release|Any CPU.ActiveCfg = Release|Any CPU
		{F469DC48-1244-4CA3-971D-ECB799ACDFD0}.Release|Any CPU.Build.0 = Release|Any CPU
	EndGlobalSection
	GlobalSection(SolutionProperties) = preSolution
		HideSolutionNode = FALSE
	EndGlobalSection
	GlobalSection(ExtensibilityGlobals) = postSolution
		SolutionGuid = {693B851A-DE0A-462D-9452-8B1530F29D77}
	EndGlobalSection
EndGlobal
